
Microsoft Visual Studio Solution File, Format Version 12.00
# Visual Studio Version 17
VisualStudioVersion = 17.7.34031.279
MinimumVisualStudioVersion = 10.0.40219.1
Project("{FAE04EC0-301F-11D3-BF4B-00C04F79EFBC}") = "cs0531if", "cs0531if\cs0531if.csproj", "{A4A8F693-46DC-435F-9B1B-F06C0DACC00A}"
EndProject
Global
	GlobalSection(SolutionConfigurationPlatforms) = preSolution
		Debug|Any CPU = Debug|Any CPU
		Release|Any CPU = Release|Any CPU
	EndGlobalSection
	GlobalSection(ProjectConfigurationPlatforms) = postSolution
		{A4A8F693-46DC-435F-9B1B-F06C0DACC00A}.Debug|Any CPU.ActiveCfg = Debug|Any CPU
		{A4A8F693-46DC-435F-9B1B-F06C0DACC00A}.Debug|Any CPU.Build.0 = Debug|Any CPU
		{A4A8F693-46DC-435F-9B1B-F06C0DACC00A}.Release|Any CPU.ActiveCfg = Release|Any CPU
		{A4A8F693-46DC-435F-9B1B-F06C0DACC00A}.Release|Any CPU.Build.0 = Release|Any CPU
	EndGlobalSection
	GlobalSection(SolutionProperties) = preSolution
		HideSolutionNode = FALSE
	EndGlobalSection
	GlobalSection(ExtensibilityGlobals) = postSolution
		SolutionGuid = {22BD45E4-9048-4206-8D53-EBD76E0C7F35}
	EndGlobalSection
EndGlobal
